
Microsoft Visual Studio Solution File, Format Version 12.00
# Visual Studio 2012
Project("{FAE04EC0-301F-11D3-BF4B-00C04F79EFBC}") = "RPG3", "RPG3.csproj", "{C856D6B8-E7B0-4D74-A3D8-97AB8E05F760}"
EndProject
Global
	GlobalSection(SolutionConfigurationPlatforms) = preSolution
		Debug|iPhoneSimulator = Debug|iPhoneSimulator
		Release|iPhone = Release|iPhone
		Release|iPhoneSimulator = Release|iPhoneSimulator
		Debug|iPhone = Debug|iPhone
	EndGlobalSection
	GlobalSection(ProjectConfigurationPlatforms) = postSolution
		{C856D6B8-E7B0-4D74-A3D8-97AB8E05F760}.Debug|iPhoneSimulator.ActiveCfg = Debug|iPhoneSimulator
		{C856D6B8-E7B0-4D74-A3D8-97AB8E05F760}.Debug|iPhoneSimulator.Build.0 = Debug|iPhoneSimulator
		{C856D6B8-E7B0-4D74-A3D8-97AB8E05F760}.Release|iPhone.ActiveCfg = Release|iPhone
		{C856D6B8-E7B0-4D74-A3D8-97AB8E05F760}.Release|iPhone.Build.0 = Release|iPhone
		{C856D6B8-E7B0-4D74-A3D8-97AB8E05F760}.Release|iPhoneSimulator.ActiveCfg = Release|iPhoneSimulator
		{C856D6B8-E7B0-4D74-A3D8-97AB8E05F760}.Release|iPhoneSimulator.Build.0 = Release|iPhoneSimulator
		{C856D6B8-E7B0-4D74-A3D8-97AB8E05F760}.Debug|iPhone.ActiveCfg = Debug|iPhone
		{C856D6B8-E7B0-4D74-A3D8-97AB8E05F760}.Debug|iPhone.Build.0 = Debug|iPhone
	EndGlobalSection
EndGlobal
